{
  "name": "meezzle",
  "lockfileVersion": 2,
  "requires": true,
  "packages": {
    "": {
      "dependencies": {
        "@types/gtag.js": "^0.0.12"
      }
    },
    "node_modules/@types/gtag.js": {
      "version": "0.0.12",
      "resolved": "https://registry.npmjs.org/@types/gtag.js/-/gtag.js-0.0.12.tgz",
      "integrity": "sha512-YQV9bUsemkzG81Ea295/nF/5GijnD2Af7QhEofh7xu+kvCN6RdodgNwwGWXB5GMI3NoyvQo0odNctoH/qLMIpg=="
    }
  },
  "dependencies": {
    "@types/gtag.js": {
      "version": "0.0.12",
      "resolved": "https://registry.npmjs.org/@types/gtag.js/-/gtag.js-0.0.12.tgz",
      "integrity": "sha512-YQV9bUsemkzG81Ea295/nF/5GijnD2Af7QhEofh7xu+kvCN6RdodgNwwGWXB5GMI3NoyvQo0odNctoH/qLMIpg=="
    }
  }
}
